#
# This file is autogenerated by pip-compile with Python 3.12
# by the following command:
#
#    pip-compile --allow-unsafe --generate-hashes --output-file=/tmp/requirements.lock --resolver=backtracking --strip-extras requirements.txt
#
aiofiles==25.1.0 \
    --hash=sha256:a8d728f0a29de45dc521f18f07297428d56992a742f0cd2701ba86e44d23d5b2 \
    --hash=sha256:abe311e527c862958650f9438e859c1fa7568a141b22abcd015e120e86a85695
    # via aiogram
aiogram==3.30.0 \
    --hash=sha256:04a5c43d0acedaf907ffa9a1b6c651cd5fde35b5bca82f521e57d77a57e63bc6 \
    --hash=sha256:98c22665271912d258178cec591f78ee93a085a3423dd3b2e11c2851d4552470
    # via -r requirements.txt
aiohappyeyeballs==2.7.1 \
    --hash=sha256:065665c041c42a5938ed220bdcd7230f22527fbec085e1853d2402c8a3615d9d \
    --hash=sha256:9243213661e29250eb41368e5daa826fc017156c3b8a11440826b2e3ed376472
    # via aiohttp
aiohttp==3.14.3 \
    --hash=sha256:03cd2bde3d7f085b64e549c985f4bb928cad7e8ecf5323bfca320db548d81b39 \
    --hash=sha256:041badb8f84396357c4d3ad26de6afd7a32b112f43d3c63045c0c8278cfd2043 \
    --hash=sha256:0a5ff2dfbb9ce645fa5b8ef3e02c6c0b9cc3f6030ff863d0c51fffc50cb5541b \
    --hash=sha256:0fdea2281997af69da84c77ffa6f5938a0285f21fb3887c249d67419ca865b3d \
    --hash=sha256:11fb37ef075669eee52ab1928fbf6e1741fada40409fa309ebde9607a962aebf \
    --hash=sha256:134ac5ddcf61c6fad984b9a5727d83492ada43d63471db20fb73042c13fca62f \
    --hash=sha256:152516815ef926786a0b6ae2b8f1fd2e0c71582dee0b435636865316fd4891b7 \
    --hash=sha256:1576145bdceeb92382d899751e12743a3a5b8e460a841e3e50543859e54864dc \
    --hash=sha256:16100ad3ab8d649fdfbee87602d9d2dcdca9df0b9eda8a1b5fdc0d41f96da559 \
    --hash=sha256:16ea7e24c309fb7c0bbd505d149abe4fe4dccfb8db911db7dbec0921bc889a6f \
    --hash=sha256:18c441d0a8fca6de8d1f546849b9f0ab20d435993e2c5b59562b2fae6be2f929 \
    --hash=sha256:18cb43369747b2ae007bd2655fb8e63a099c2ff1d207962943636dac989b3147 \
    --hash=sha256:1b59533861b70a2185c8f4f350f791f39d64358ef6944ce71c5240c9ec0982c9 \
    --hash=sha256:1c5281acc88b92396f88c7e1e2748f8466689df22b80170e4f51efa712fb47a8 \
    --hash=sha256:1c5ec8fb1bcc31a8466f74aaf26c345d5c386fa4bd08a3f0eb9c7a4a3fe8b5bf \
    --hash=sha256:1caa7b0d05f3e3a36f87788c59e970a7ee1cefcfcbb924a9f138c4a6551c9cb7 \
    --hash=sha256:21c016079415ed3fd676963e9793700a566d85dbbd6bfc564b9b2d209147dcc8 \
    --hash=sha256:2498f0fe69ead802f9675beca44a7c21c62fdaa4ec5145ea1c3ad6edbee29f85 \
    --hash=sha256:25bd2708db6bdf6a6630dd37bdcdfcb47c4434d22ac69c64665b802910140b30 \
    --hash=sha256:270d3dace9ca2f10f0da5d8ebe519b7a310fc6112ed916e32df5866df0888553 \
    --hash=sha256:2e1161602f45a54de2ce0905243a95f58cb42dcd378402f3697f5e0b21e9d2e7 \
    --hash=sha256:2e9878ae68e4a5f1c0abe4dd497dbc3d51946f5837b56759e2a02e78fa90ef86 \
    --hash=sha256:30402d03a7c0ff52bce290b57e564e9079fd9d0cb545c8aba73f86a103162d2e \
    --hash=sha256:33a2d7c28d33797a2e99923dffa63f83d908a19b6bf26cfe80fa790aa5e1a75a \
    --hash=sha256:362a3fd481769cac1a824514bcd86fda51c65e8fe6e051099e008fddde6db17c \
    --hash=sha256:38901a84da3ce22249f6e860bf8f90d141bcab7da090cc398f8bb58c0e44b7da \
    --hash=sha256:39aded8c7f3b935b54aab1d8d73c70ec0ee2d3ec3b943e0e86611bc150ba47f5 \
    --hash=sha256:3a26434dafe408229ff3403458ca58de24fb51936504decac49ce6755f77e59d \
    --hash=sha256:3ae5b3a59436d089b5395d910121a390feed4d00578eb95a0fd1a329fe963100 \
    --hash=sha256:3d4f72af88ac2474bb5bca640030320e3d38a0163a1d7533500e87be458eef71 \
    --hash=sha256:3f42e9b78301f11c8f861746175d8b9c1ccef713fcad9eab396e2f6db8ed4a22 \
    --hash=sha256:42a67efc36300d052fb4508a53e8b6901b9284b599ae63945c377569c5fcc1e1 \
    --hash=sha256:48d67b87db6279c044760787eb01f6413032c2e6f3ba1cafaa492b1c8e578479 \
    --hash=sha256:498c6c623134f8e09a3c4e60bcd607a0b4590dd7dbf08dd40851b27cbb520ccb \
    --hash=sha256:49f7325beb0f85ef4aef5f48f490269575f83e6e2acad00a1d80b807eb027062 \
    --hash=sha256:4e3ac92d90e92773b2362d506068e9a948192bd553e743c5b2429e28527c8661 \
    --hash=sha256:530125ee1163c4219af35dc3aa1206e541e7b31b6efc1a3f93b70a136f65d427 \
    --hash=sha256:5373dc80ad1aa2fb9ad95c83f24eef418bbda3a61375f128e5b0192e4f3f9b32 \
    --hash=sha256:53e5179d8abb5710f8e83ba207c41c8d1261fcffd4616500e15ca2b7a33be10a \
    --hash=sha256:53e7b4ce82b54a8bcc71b3b67a5cbd177ca1d7f592cbc92cd38b7349f73482db \
    --hash=sha256:543906c127fb1d929b95076db19b83fa2d46751006ff1e23b093aa5ac4d8db42 \
    --hash=sha256:54cfcdee2770dac994417cbb0ee1f3eb0e7cb6b30c79bf44f2c02ff79ec5124a \
    --hash=sha256:55bdcc472aafe2de4a253045cc128007a64f1e0264fb675791e132ea5edaa3bd \
    --hash=sha256:56f355e79f71aef2a85c80305cc915f894b170dba76de5fe84f6351939b83c06 \
    --hash=sha256:5895ef58c4620afe02fa16044f023dc4dafec08158f9d08874a46a7dbc0341b8 \
    --hash=sha256:5bcb6ff3fdab1258a192679ff1a05d44f59626430aa05cd1a9d2447423599228 \
    --hash=sha256:5f08ec777f35ee70720233b8b9811d3bb5d728137f30ac91b7457709c3261ac0 \
    --hash=sha256:614c61d478b83953e261d02bb2df750f17227cd33ef8002945bf5aebbde21919 \
    --hash=sha256:617105e2c3018ee38d0c8ce5ee3c84f621a6d8b9f723202aacaff28449ca91ee \
    --hash=sha256:6debfa7312ff9d4c124dc71d72e9a0a4b9e0879e48ba6fcb42bef5c3300289e2 \
    --hash=sha256:7041d52c3a7fa20c9e8c182b534704abb19502c8bdcbde7ab23bfda6f642394f \
    --hash=sha256:70c987b27534f9ae1a723f47ae921571d616da21d3208282bf4c52af5164ac43 \
    --hash=sha256:74ab5b6a9fb13e873e5a90946588baecaf488745e1db1a4a5c433f971f035098 \
    --hash=sha256:78253b573e6ffab5028924fc98bc281aae05445969982a10864bc360dea2016c \
    --hash=sha256:7a75aa63cbf9b21cfaf60dc2657e19df2c2867d91707d653fee171ffeedd1371 \
    --hash=sha256:8800c996b01c2772a783e3e46f3e1abd5823029adca0df54231960de9bfefa5b \
    --hash=sha256:89176250f686cb9853c0fb7ead90e639e915b84a6f43eedc2a4e7ec21f1037f0 \
    --hash=sha256:8a5fd34f7f7410d1730d5c2ba873cacb2eed3fede366feb268a70ba22581ed8f \
    --hash=sha256:8b3b60de05f3dcb6f6a00f818bb2ec781cee4de0645f59ccaf99b1d1823b6100 \
    --hash=sha256:8f2f1c4c032c7cedd7d8da6f54c97b70266c6570c3108d3fdffee7188bb70529 \
    --hash=sha256:9491196535a88924a60afd5b5f434b5b203b6cc616250878dbdb223a8f7844bc \
    --hash=sha256:9aa6e61fdf20105c4144e755bd586008ff450791d67b1c8146fdc15959c4d51c \
    --hash=sha256:9d9edccfe496b476db5f398d97b865e9a6752bcf8aec4eef8390ce20fb64bb41 \
    --hash=sha256:9fc7b5bfec6573f3ae844f457fdde5adeb713f8b8e4a81ad64fc207b49383716 \
    --hash=sha256:a0dc483c00da8b673abbb367eb6f8d8f4bcec30eb58529ea13cb42e7fd2dfa33 \
    --hash=sha256:a3a8296e7ab5c295f53f1041487cb088e1480775aafbf7fe545d93b770a0f96f \
    --hash=sha256:a3e22975f905b89a55a488c2a08f2fdb2186175349e917d48985cc468a3d4c6e \
    --hash=sha256:a4af35c443e0b1a1bd6a8af3f3485d7fda15c142751a00f3ff8090f0b93346fa \
    --hash=sha256:a94dbaae5ae27bd849c93570669bff91e0510f33a80805738e3de72a7be0447b \
    --hash=sha256:ac74facc01463f138b0da5580329cfcc82818dea5656e83ddcd11268fc12ff80 \
    --hash=sha256:ad4c8b7488d745d2ca4838ebd8ae5ba9b56341d30b1da43640e4ce87f9f49646 \
    --hash=sha256:b014a6ed7cf912e787149fdc529166d3ceabac23f26efeea3158c9aba2354e7e \
    --hash=sha256:b20032766aedf6261c7a566585a40867d092ac03a0d81592d5370ef9b054f99b \
    --hash=sha256:b2466434105a4e03113c36ec775cc2ebe6676b62eae326fa670bb607ef788c1c \
    --hash=sha256:b304db572b4368edd8dda8a2274f73156fe15558fca4a917cb8a09fc47af5963 \
    --hash=sha256:ba59d59aba08ac02fc03b0c8983ccd5ee39a199d0552ce9e6d2b4845b34d59ae \
    --hash=sha256:bd52f811e65f6fb634b1047159657c98f52b407f8efec907bcfc09da9a4c0a25 \
    --hash=sha256:bdd0e2834dce1a26c1bbe26464861e16bbe217042cbff619247c11594472518c \
    --hash=sha256:c23ec8ee9d5ab2f5421f9c7fffce208435607af27fd46d4a44e031954352838f \
    --hash=sha256:c39846c3aad97a8530c89d7a3869a8f8e9e3762c6ac0504481e5c80948f7e807 \
    --hash=sha256:c3c200cf9757edd785051dc699c7ecbec22110dbfcb3fefc7a9f9695eda8ea7a \
    --hash=sha256:c7d3a97c678d34fc5b59da671ee9cd630096ddc643e7b5a30d54a2a6f3574d3f \
    --hash=sha256:c8653fd547c93a61aadc612007790f5555cdd18946fa48cf45e26d8ea4ea473d \
    --hash=sha256:cc7cb243a68167172f48c1fd43cee91ec4b1d40cefd190edd43369d1a6bc9c82 \
    --hash=sha256:ccd4893707b3e2a13e39c90d43cf80edf2e4d0457935bcc103bf2346214c3f15 \
    --hash=sha256:cd817772b2fcf2b8c0905795318485f9ec16eae60b29feb7f4c77085311637f0 \
    --hash=sha256:cda5fd5c95ad7a125a2e8464acc78b98b94c475a3780d6aa0aa157c93f470f4d \
    --hash=sha256:cef89a58e628c4efcac3275c2d68083f82426dcdc89c1492a6f654f9f7ea6ab9 \
    --hash=sha256:d1558173930a5a8d3069cee5c92fc91c87c4dbcb099debbb3622053717145a19 \
    --hash=sha256:d6088ec9894113802bddb3c09e974929aed2c7b3a8c456219b8aab4481f1a239 \
    --hash=sha256:d6218d92e450824e9b4881f44e8c09f1853b490f9a64130801024a4793b1b3b0 \
    --hash=sha256:d77640cc618c1d99fc4f8589c0f24a730adfa54eb1e57ef7bf0c8dfb78da898c \
    --hash=sha256:d7d2deec16eeedf55f2c7cf75b521ea3856a5177e123844f8fd0f114ce252cb5 \
    --hash=sha256:db332af25642007330fca8be5c4d194caf2bea7a7fc84415aff3497af5dfee6b \
    --hash=sha256:dd54d0e8717de95939766febac482ac0474d8ac3b048115f9f2b1d23a16e7db4 \
    --hash=sha256:ddcac3c6b382e81f1dd0499199d4136b877beb4cb5ef770bbbfba56c4b8f55d2 \
    --hash=sha256:df82f3787c940c94986b34222d59c9e38843fba85139f36e85255a82ad5355a9 \
    --hash=sha256:dfa68deb2a443bdaa3ea5297b0699c1464f08aef3812b486d1348eee61b07dc0 \
    --hash=sha256:dff9461ec275f22135650d5ba4b4931a11f3958df7dfbb8db630000d4dee0883 \
    --hash=sha256:e1e74298bab6ee0d6e749ed4fd1901c7e604bdda32c03d787a2cc71c46d0433d \
    --hash=sha256:e2667f0bbe7eb6c74eae5e9691441ad186e5845ca3cff63230fc09c4e7514f5d \
    --hash=sha256:e3be98a7c30b8c25d573dafba7171d66dfb05ee6a9070fc46535464ff97700a6 \
    --hash=sha256:e568e14940c09955aa51f4e645b6daa18a581c5dcfcd73744dcc86a856e3ced3 \
    --hash=sha256:e72ee89e28d907a18f46959b4eb0bb06701cc7f8cf4366e00029e2ccfaaf5924 \
    --hash=sha256:e92eb8acc45eb6a9f4935071a77edf5b85cc6f8dfad5cd99e97653c26593cdde \
    --hash=sha256:ea05e1f97ceea523942d9b2a7d7c0359d781d683d6b043f5943a602b14da4787 \
    --hash=sha256:eac645b09bcfdf73df7536331f0678c1086ea250981118ddb5199e17ccef72bb \
    --hash=sha256:eb0495d778817619273c108784292be161a924b9f5ae5cbbc70a2caa6838250b \
    --hash=sha256:ebe8e504f058fe91223351cecd2d9d6946c9d241bb0250d898ffbdf584cc72b0 \
    --hash=sha256:ed099d105449c4f9e84f24af203cd131349d4761d8813fa7e02c32e7128cd910 \
    --hash=sha256:f0f177d1b195b9e06376cfd7d308d8a1b920909a609d03ac82a8c73bbb16d3b9 \
    --hash=sha256:f3d2669fe7dec7fc359ecdb5984b29b50d85d5d00f8c1cb61de4f4a24ee42627 \
    --hash=sha256:f4e05329faa0ea1a404b37de4f034fd2c2defcca06a68dc6745e4e56c88e8a48 \
    --hash=sha256:f53bcd52f585e1ac3e590d61434eb61f9a88c38df041b4ea126d97144344a77b \
    --hash=sha256:f55119f7bf25f49ed210f6096090715da24f2943c62102448915fde3c62877ce \
    --hash=sha256:f631fe87a6f30df5fbe6d79640b25e4cffb38c31c7fb6f10871517b84b0f8c1a \
    --hash=sha256:f8fb78a83c9e5f741ca3a68cfb455c1f5bb83b4e7249a3848b3cd78d0a8563b0 \
    --hash=sha256:fa9467a8113aa69d3d7c55a70ef0b7c636010a40993f3df9d9d0d73b3eb7ef24 \
    --hash=sha256:fd51ebf9d3a00c074df4ede271023f4d2dba289bcc740b88191872716014e3c5
    # via
    #   -r requirements.txt
    #   aiogram
    #   aioyookassa
aiosignal==1.4.0 \
    --hash=sha256:053243f8b92b990551949e63930a839ff0cf0b0ebbe0597b0f3fb19e1a0fe82e \
    --hash=sha256:f47eecd9468083c2029cc99945502cb7708b082c232f9aca65da147157b251c7
    # via aiohttp
aioyookassa==2.2.7 \
    --hash=sha256:4eb5f3727aad911dd68975f0e09d3a1e380605b23efd68ec748b96340f499e04 \
    --hash=sha256:7cdbcb5376efa085df67d921ec76a713e5d5d5f75cf8a923cf08da74fc8f0194
    # via -r requirements.txt
alembic==1.19.0 \
    --hash=sha256:6487c612fc719dcfa22b17d2dd5b2b458929641e6aa2f0b65b135727f5e6d501 \
    --hash=sha256:cf839d3849116aab3cc047e09c6968b9bd6b2fde61b6bb7c1e97352fe5503580
    # via -r requirements.txt
annotated-types==0.8.0 \
    --hash=sha256:13b2beaad985e05e2d6407ee4c4f35590b11f8d693a258a561055cac8f64cab7 \
    --hash=sha256:f072f4d804ea359e4eaf198b1af7a8b0943881a87f31bb764f8bf219bb9419e0
    # via pydantic
asyncpg==0.31.0 \
    --hash=sha256:027eaa61361ec735926566f995d959ade4796f6a49d3bde17e5134b9964f9ba8 \
    --hash=sha256:04d19392716af6b029411a0264d92093b6e5e8285ae97a39957b9a9c14ea72be \
    --hash=sha256:0b17c89312c2f4ccea222a3a6571f7df65d4ba2c0e803339bfc7bed46a96d3be \
    --hash=sha256:0bfbcc5b7ffcd9b75ab1558f00db2ae07db9c80637ad1b2469c43df79d7a5ae2 \
    --hash=sha256:0c89ccf741c067614c9b5fc7f1fc6f3b61ab05ae4aaa966e6fd6b93097c7d20d \
    --hash=sha256:12b3b2e39dc5470abd5e98c8d3373e4b1d1234d9fbdedf538798b2c13c64460a \
    --hash=sha256:18c83b03bc0d1b23e6230f5bf8d4f217dc9bc08644ce0502a9d91dc9e634a9c7 \
    --hash=sha256:19857a358fc811d82227449b7ca40afb46e75b33eb8897240c3839dd8b744218 \
    --hash=sha256:1b41f1afb1033f2b44f3234993b15096ddc9cd71b21a42dbd87fc6a57b43d65d \
    --hash=sha256:22bc525ebbdc24d1261ecbf6f504998244d4e3be1721784b5f64664d61fbe602 \
    --hash=sha256:22be6e02381bab3101cd502d9297ac71e2f966c86e20e78caead9934c98a8af6 \
    --hash=sha256:2657204552b75f8288de08ca60faf4a99a65deef3a71d1467454123205a88fab \
    --hash=sha256:2d076d42eb583601179efa246c5d7ae44614b4144bc1c7a683ad1222814ed095 \
    --hash=sha256:334dec28cf20d7f5bb9e45b39546ddf247f8042a690bff9b9573d00086e69cb5 \
    --hash=sha256:37a58919cfef2448a920df00d1b2f821762d17194d0dbf355d6dde8d952c04f9 \
    --hash=sha256:37fc6c00a814e18eef51833545d1891cac9aa69140598bb076b4cd29b3e010b9 \
    --hash=sha256:3b1fbcb0e396a5ca435a8826a87e5c2c2cc0c8c68eb6fadf82168056b0e53a8c \
    --hash=sha256:3df118d94f46d85b2e434fd62c84cb66d5834d5a890725fe625f498e72e4d5ec \
    --hash=sha256:3faa62f997db0c9add34504a68ac2c342cfee4d57a0c3062fcf0d86c7f9cb1e8 \
    --hash=sha256:480c4befbdf079c14c9ca43c8c5e1fe8b6296c96f1f927158d4f1e750aacc047 \
    --hash=sha256:54a64f91839ba59008eccf7aad2e93d6e3de688d796f35803235ea1c4898ae1e \
    --hash=sha256:5a4af56edf82a701aece93190cc4e094d2df7d33f6e915c222fb09efbb5afc24 \
    --hash=sha256:6d11b198111a72f47154fa03b85799f9be63701e068b43f84ac25da0bda9cb31 \
    --hash=sha256:72d6bdcbc93d608a1158f17932de2321f68b1a967a13e014998db87a72ed3186 \
    --hash=sha256:795416369c3d284e1837461909f58418ad22b305f955e625a4b3a2521d80a5f3 \
    --hash=sha256:831712dd3cf117eec68575a9b50da711893fd63ebe277fc155ecae1c6c9f0f61 \
    --hash=sha256:8df714dba348efcc162d2adf02d213e5fab1bd9f557e1305633e851a61814a7a \
    --hash=sha256:8ea599d45c361dfbf398cb67da7fd052affa556a401482d3ff1ee99bd68808a1 \
    --hash=sha256:9322b563e2661a52e3cdbc93eed3be7748b289f792e0011cb2720d278b366ce2 \
    --hash=sha256:98cc158c53f46de7bb677fd20c417e264fc02b36d901cc2a43bd6cb0dc6dbfd2 \
    --hash=sha256:9ea33213ac044171f4cac23740bed9a3805abae10e7025314cfbd725ec670540 \
    --hash=sha256:a429e842a3a4b4ea240ea52d7fe3f82d5149853249306f7ff166cb9948faa46c \
    --hash=sha256:a8d758dac9d2e723e173d286ef5e574f0b350ec00e9186fce84d0fc5f6a8e6b8 \
    --hash=sha256:aad7a33913fb8bcb5454313377cc330fbb19a0cd5faa7272407d8a0c4257b671 \
    --hash=sha256:b44c31e1efc1c15188ef183f287c728e2046abb1d26af4d20858215d50d91fad \
    --hash=sha256:ba5f8886e850882ff2c2ace5732300e99193823e8107e2c53ef01c1ebfa1e85d \
    --hash=sha256:bb223567dea5f47c45d347f2bde5486be8d9f40339f27217adb3fb1c3be51298 \
    --hash=sha256:bc2b685f400ceae428f79f78b58110470d7b4466929a7f78d455964b17ad1008 \
    --hash=sha256:bd4107bb7cdd0e9e65fae66a62afd3a249663b844fa34d479f6d5b3bef9c04c3 \
    --hash=sha256:bd5b6efff3c17c3202d4b37189969acf8927438a238c6257f66be3c426beba20 \
    --hash=sha256:bdb957706da132e982cc6856bb2f7b740603472b54c3ebc77fe60ea3e57e1bd2 \
    --hash=sha256:bef056aa502ee34204c161c72ca1f3c274917596877f825968368b2c33f585f4 \
    --hash=sha256:c0807be46c32c963ae40d329b3a686356e417f674c976c07fa49f1b30303f109 \
    --hash=sha256:c0e0822b1038dc7253b337b0f3f676cadc4ac31b126c5d42691c39691962e403 \
    --hash=sha256:c1a9c5b71d2371a2290bc93336cd05ba4ec781683cab292adbddc084f89443c6 \
    --hash=sha256:c1e1ab5bc65373d92dd749d7308c5b26fb2dc0fbe5d3bf68a32b676aa3bcd24a \
    --hash=sha256:c204fab1b91e08b0f47e90a75d1b3c62174dab21f670ad6c5d0f243a228f015b \
    --hash=sha256:c989386c83940bfbd787180f2b1519415e2d3d6277a70d9d0f0145ac73500735 \
    --hash=sha256:cea3a0b2a14f95834cee29432e4ddc399b95700eb1d51bbc5bfee8f31fa07b2b \
    --hash=sha256:dc5f2fa9916f292e5c5c8b2ac2813763bcd7f58e130055b4ad8a0531314201ab \
    --hash=sha256:e009abc333464ff18b8f6fd146addffd9aaf63e79aa3bb40ab7a4c332d0c5e9e \
    --hash=sha256:e5d5098f63beeae93512ee513d4c0c53dc12e9aa2b7a1af5a81cddf93fe4e4da \
    --hash=sha256:e6974f36eb9a224d8fb428bcf66bd411aa12cf57c2967463178149e73d4de366 \
    --hash=sha256:ebb3cde58321a1f89ce41812be3f2a98dddedc1e76d0838aba1d724f1e4e1a95 \
    --hash=sha256:eee690960e8ab85063ba93af2ce128c0f52fd655fdff9fdb1a28df01329f031d \
    --hash=sha256:f6b56b91bb0ffc328c4e3ed113136cddd9deefdf5f79ab448598b9772831df44 \
    --hash=sha256:f890de5e1e4f7e14023619399a471ce4b71f5418cd67a51853b9910fdfa73696
    # via -r requirements.txt
attrs==26.1.0 \
    --hash=sha256:c647aa4a12dfbad9333ca4e71fe62ddc36f4e63b2d260a37a8b83d2f043ac309 \
    --hash=sha256:d03ceb89cb322a8fd706d4fb91940737b6642aa36998fe130a9bc96c985eff32
    # via aiohttp
cachetools==7.1.7 \
    --hash=sha256:a3e2a00b14d8f8a6b70c1dae7b4685e7ad3bc965c5b42124a2d6ce895da6cf50 \
    --hash=sha256:ef98ef375ad188819ef2f9b3645e3987f4b8c5b7550e436ad998c2de78296df0
    # via -r requirements.txt
certifi==2026.7.22 \
    --hash=sha256:62f22742b58a1a33014a2b6b706588a8d7e2a88ae7bd1a6ebe8c992928483775 \
    --hash=sha256:741e2c3b351ddf169a738da9f2c048608ff7f2c5cc02f1ebc6b118bb090d5d55
    # via aiogram
cffi==2.1.0 \
    --hash=sha256:02cb7ff33ded4f1532476731f89ede53e2e488a8e6205515a82144246ffa7dcc \
    --hash=sha256:03e9810d18c646077e501f661b682fbf5dee4676048527ca3cffe66faa9960dd \
    --hash=sha256:0520e1f4c35f44e209cbbb421b67eec42e6a157f59444dfb6058874ff3610e5d \
    --hash=sha256:0582a58f3051372229ca8e7f5f589f9e5632678208d8636fea3676711fdf7fe5 \
    --hash=sha256:0611e7ebf90573a535ebdc33ae9da222d037853983e13359f580fab781ca017f \
    --hash=sha256:0a42c688d19fca6e095a53c6a6e2295a5b050a8b289f109adab02a9e61a25de6 \
    --hash=sha256:0a96b74cda968eebbad56d973efe5098974f0a9fb323865bf99ea1fd24e3e64c \
    --hash=sha256:10537b1df4967ca26d21e5072d7d54188354483b91dc75058968d3f0cf13fbda \
    --hash=sha256:11b3fb55f4f8ad92274ed26705f65d8f91457de71f5380061eb6d125a768fecd \
    --hash=sha256:15faec4adfff450819f3aee0e2e02c812de6edb88203aa58807955db2003472a \
    --hash=sha256:164bff1657b2a74f0b6d54e11c9b375bc97b931f2ca9c43fcf875838da1570dd \
    --hash=sha256:1854b724d00f6654c742097d5387569021be12d3a0f770eae1df8f8acfcc6acd \
    --hash=sha256:19c54ac121cad98450b4896fa9a43ee0180d57bc4bc911a33db6cab1efab6cd3 \
    --hash=sha256:1b96bfe2c4bd825681b7d311ad6d9b7280a091f43e8f63da5729638083cd3bfb \
    --hash=sha256:1e9f50d192a3e525b15a75ab5114e442d83d657b7ec29182a991bc9a88fd3a66 \
    --hash=sha256:1ff3456eab0d889592d1936d6125bbfbc7ae4d3354a700f8bd80450a66445d4d \
    --hash=sha256:2282cd5e38aa8accd03e99d1256af8411c84cdbee6a89d841b563fdbd1f3e50f \
    --hash=sha256:276f20fffd7b396e12516ba8edf9509210ac248cbbc5acbc39cd512f9f59ebe6 \
    --hash=sha256:2b71d409cccee78310ab5dec549aed052aaea483346e282c7b02362596e01bb0 \
    --hash=sha256:2e9dabb9abcb7ad15938c7196ad5c1718a4e6d33cc79b4c0209bdb64c4a54a5c \
    --hash=sha256:30b65779d598c370374fefabf138d456fd6f3216bfa7bedfab1ba82025b0cd93 \
    --hash=sha256:33eb1ad83ebe8f313e0df035c406227d55a79456704a863fad9842136af5ad7d \
    --hash=sha256:35aaea0c7ee0e58a5cd8c2fd1a48fdf7ece0d2699b7ecdda08194e9ce5dd9b3d \
    --hash=sha256:3681e031db29958a7502f5c0c9d6bbc4c36cb20f7b104086fa642d1799631ff8 \
    --hash=sha256:379de10ce1ba048b1448599d1b37b24caee16309d1ac98d3982fc997f768700b \
    --hash=sha256:37f525a7e7e50c017fdebe58b787be310ad59357ae43a053943a6e1a6c526001 \
    --hash=sha256:3b926723c13eba9f81d2ef3820d63aeceec3b2d4639906047bf675cb8a7a500d \
    --hash=sha256:3d7f118b5adbfdfead90c25822690b02bc8074fba949bb7858bec4ebd55adb43 \
    --hash=sha256:46b1c8db8f6122420f32d02fffb924c2fe9bc772d228c7c711748fff56aabb2b \
    --hash=sha256:47ff3a8bfd8cb9da1af7524b965127095055654c177fcfc7578debcb015eecd0 \
    --hash=sha256:4d433a51f1870e43a13b6732f92aaf540ff77c2015097c78556f75a2d6c030e0 \
    --hash=sha256:4f26194e3d95e06501b942642855aed4f953d55e95d7d01b7c4483db3ecff458 \
    --hash=sha256:510aeeeac94811b138077451da1fb18b308a5feab47dd2b603af55804155e1c8 \
    --hash=sha256:5972433ad71a9e46516584ef60a0fda12d9dc459938d1539c3ddecf9bdc1368d \
    --hash=sha256:5ecbd0499275d57506d397eebe1981cee87b47fcd9ef5c22cab7ed7644a39a94 \
    --hash=sha256:6274dcb2d15cef48daa73ed1be5a40d501d74dccd0cd6db364776d12cb6ba022 \
    --hash=sha256:63960549e4f8dc41e31accb97b975abaecfc44c03e396c093a6436763c2ea7db \
    --hash=sha256:64c753a0f87a256020004f37a1c8c02c480e725f910f0b2a0f3f07debd1b2479 \
    --hash=sha256:6af371f3767faeffc6ac1ef57cdfd25844403e9d3f476c5537caee499de96376 \
    --hash=sha256:6ca4919c6e4f89aa99c42510b42cf54596892c00b3f9077f6bdd1505e24b9c8d \
    --hash=sha256:6d194185eabd279f1c05ebe3504265ddfc5ad2b58d0714f7db9f01da592e9eb6 \
    --hash=sha256:702c436735fbe99d59ada02a1f65cfc0d31c0ee8b7290912f8fbc5cd1e4b16c3 \
    --hash=sha256:716ff8ec22f20b4d988b12884086bcef0fc99737043e503f7a3935a6be99b1ea \
    --hash=sha256:762f99479dcb369f60ab9017ad4ab97a36a1dd7c1ee5a3b15db0f4b8659120cd \
    --hash=sha256:7762faa47e8ff7eb80bd261d9a7d8eea2d8baa69de5e95b70c1f338bbe712f02 \
    --hash=sha256:78474632761faa0fb96f30b1c928c84ebcf68713cbb80d15bab09dfe61640fde \
    --hash=sha256:799416bae98336e400981ff6e532d67d5c709cfb30afb79865a1315f94b0e224 \
    --hash=sha256:7d034dcffa09e9a46c93fa3a3be402096cb5354ac6e41ab8e5cc9cd8b642ad76 \
    --hash=sha256:7d28dff1db6764108bc30788d85d61c876beff416d9a49cb9dd7c5a9f34f5804 \
    --hash=sha256:7d3538f9c0e50670f4deb93dbb696576e60590369cae2faf7de681e597a8a1f1 \
    --hash=sha256:7d5980a3433d4b71a5e120f9dd551403d7824e31e2e67124fe2769c404c06913 \
    --hash=sha256:7ea6b3e2c4250ff1de21c630fe72d0f63eb95c2c32ffbf64a358cf4a8836d714 \
    --hash=sha256:86cf8755a791f72c85dc287128cc62d4f24d392e3f1e15837245623f4a33cccc \
    --hash=sha256:88023dfe18799507b73f1dbb0d14326a17465de1bc9c9c7655c22845e9ddc3a2 \
    --hash=sha256:89095c1968b4ba8285840e131bf2891b09ae137fe2146905acae0354fbce1b5e \
    --hash=sha256:8d35c139744adb3e727cd51b1a18324bbe44b8bd41bf8322bca4d41289f48eda \
    --hash=sha256:8e74a6135550c4748af665b1b1118b6aab33b1fc6a16f9aff630af107c3b4512 \
    --hash=sha256:8f9ec95b8a043d3dfbc74d9abc6f7baf524dd27a8dc160b0a32ff9cdab650c28 \
    --hash=sha256:90bec57cf82089383bd06a605b3eb8daebf7e5a668520beaf6e327a83a947699 \
    --hash=sha256:95f2954c2c9473d892eca6e0409f3568b37ab62a8eedb122461f73cc273476e3 \
    --hash=sha256:961be50688f7fba2fa65f63712d3b9b341a22311f5253460ce933f52f0de1c8c \
    --hash=sha256:98fff996e983a36d3aa2eca83af40c5821202e7e6f32d13ae94e3d2286f10cfe \
    --hash=sha256:9b8f0f26ca4e7513c534d351eca551947d053fac438f2a04ac96d882909b0d3a \
    --hash=sha256:9d72af0cf10a76a600a9690078fe31c63b9588c8e86bf9fd353f713c84b5db0f \
    --hash=sha256:9d8272c0e483b024e1b9ad029821470ed8ec65631dbd90217469da0e7cd89f1c \
    --hash=sha256:a016194dbe13d14ee9556e734b772d8d67b947092b268d757fd4290e3ba2dfc2 \
    --hash=sha256:a5781494d4d400a3f47f8f1da94b324f6e6b440a53387774002890a2a2f4b50f \
    --hash=sha256:a95b05f9baf29b91171b3a8bd2020b028835243e7b0ff6bb23e2a3c228518b1b \
    --hash=sha256:aa7a1b53a2a4452ada2d1b5dade9960b2522f1e61293a811a077439e39029565 \
    --hash=sha256:ac0f1a2d0cfa7eea3f2aaf006ab6e70e8feeb16b75d65b7e5939982ca2f11056 \
    --hash=sha256:af5e2915d41fe6c961694d7bfdc8562942638200f3ce2765dfb8b745cf997629 \
    --hash=sha256:b6422532152adf4e59b110cb2808cee7a033800952f5c036b4af047ee43199e7 \
    --hash=sha256:b65f590ef2a44640f9a05dbb548a429b4ade77913ce683ac8b1480777658a6c0 \
    --hash=sha256:ba00f661f8ba35d075c937174e27c2c421cec3942fd2e0ea3e66996757c0fdd9 \
    --hash=sha256:bccbbb5ee76a61f9d99b5bf3846a51d7fca4b6a732fe46f89295610edaf41853 \
    --hash=sha256:bf01d8c84cbea96b944c73b22182e6c7c432b3475632b8111dbfdc95ddad6e13 \
    --hash=sha256:bf5c6cf48238b0eb4c086978c492ad1cbc22373fc5b2d7353b3a598ce6db887a \
    --hash=sha256:c16914df9fb7f500e440e6875fa23ff5e0b31db01fa9c06af98d59a91f0dc2e4 \
    --hash=sha256:c351efb95e832a853a29361675f33a7ce53de1a109cd73fd47af0712213aa4ce \
    --hash=sha256:c4165821e131d6d4ca444347c2b694e2311bcfa3fe5a861cc72968f28867beac \
    --hash=sha256:c5f5df567f6eb216de69be06ce55c8b714090fae02b18a3b40da8163b8c5fa9c \
    --hash=sha256:c941bb58d5a6e1c3892d86e42927ed6c180302f07e6d395d08c416e594b98b46 \
    --hash=sha256:c97f080ea627e2863524c5af3836e2270b5f5dfff1f104392b959f8df0c5d384 \
    --hash=sha256:cb96698e3c7413d906ce83f8ffd245ec1bd94707541f299d0ce4d6b0193e982b \
    --hash=sha256:cbb7640ce37159548d2147b5b8c241f962143d4c71231431820783f4dc78f210 \
    --hash=sha256:cdf2448aab5f661c9315308ec8b93f4e8a1a67a3c733f8631067a2b67d5913dc \
    --hash=sha256:d2117334c3af3bdcb9a88522b844a2bdb5efdc4f71c6c822df55486ae1c3347a \
    --hash=sha256:d53d10f7da99ae46f7373b9150393e9c5eab9b224909982b43832668de4779f5 \
    --hash=sha256:d9fafc5aa2e2a39aaf7f8cc0c1f044a9b07fca12e558dca53a3cc5c654ad67a7 \
    --hash=sha256:db3eb7d46527159a878ec3460e9d40615bc25ba337d477db681aea6e4f05c5d2 \
    --hash=sha256:dbf7c7a88e2bac086f06d14577332760bdeecc42bdec8ac4077f6260557d9326 \
    --hash=sha256:df2b82571a1b30f58a87bf4e5a9e78d2b1eff6c6ce8fd3aa3757221f93f0863f \
    --hash=sha256:df92f2aba50eb4d96718b68ef76f2e57a57b54f2fa62333496d16c6d585a85ca \
    --hash=sha256:eb4e8997a49aa2c08a3e43c9045d224448b8941d88e7ac163c7d383e560cbf98 \
    --hash=sha256:efc1cdd798b1aaf39b4610bba7aad28c9bea9b910f25c784ccf9ec1fa719d1f9 \
    --hash=sha256:f146d154428a2523f9cc7936c02353c2459b8f6cf07d3cd1ee1c0a611109c5d5 \
    --hash=sha256:f5bce581e6b8c235e566a14768a943b172ada3ed73537bb0c0be1edee312d4e7 \
    --hash=sha256:f9912624a0c0b834b7520d7769b3644453aabc0a7e1c839da7359f050750e9bc \
    --hash=sha256:fb62edb5bb52cca65fab91a63afa7561607120d26090a7e8fda6fb9f064726da \
    --hash=sha256:ff067a8d8d880e7809e4ac88eb009bb848870115317b306666502ccad30b147f
    # via cryptography
cryptography==49.0.0 \
    --hash=sha256:026ac7423e6fa66872d3bf889be5974507da3944f866f704fa200eadacd00001 \
    --hash=sha256:07cab27cc7b7e0fd28e5e26bb9eeedde5c135c868b46de4a27845abe94af6122 \
    --hash=sha256:084ef1af862eb07ec46d25f68689f2102a9fc0e05ce7b80f14f5fe51e4eef0f6 \
    --hash=sha256:0b82e28ee398a386f0807bba7884d30f25218855690f45115831bcce5d90822c \
    --hash=sha256:0e959b578856a3924bc0cbb710fc12c387b9412a951389f3ca61704a9e25f325 \
    --hash=sha256:0f21641cf4b30fca7aee061ced0ec7ad7b073518088b7c9969a297c0ae796c69 \
    --hash=sha256:196ecd6a36e4e9aa10270393bb98d8df88fccee0bf1e5128b91ae4eb4375896d \
    --hash=sha256:2400ef9c9e2299a25614eb1dea3db54a69b1349efd043bfac9c67630d136df36 \
    --hash=sha256:28d8b15e6275f12c8a207dc309dfa957903c927d08d0cc937ee3f63f200693cc \
    --hash=sha256:2afe9051da7ae7bd5905da5a949280c7d2bb75682e188f650a9d0f2756b834c6 \
    --hash=sha256:2eda353d8a27bcbcaa4cbed18994a74ab4d19a2ca897db188ea269ab9b71419b \
    --hash=sha256:32703d93296f5c1f4b53349ad3a250c2cae0fdecd3a3dd5d47e616d8d616af27 \
    --hash=sha256:33cd0565932807baddb67b96dbee92f2c374b5c89dee09fd74079aeb8c8dba61 \
    --hash=sha256:35b151772baff2c74cba7fa290ceaff4c3b11c0c881eb93eb5dbc05a7cfbba18 \
    --hash=sha256:36d1709f992593689b45bda411498d62c6e365f2ca00b84657d4dadd24de16db \
    --hash=sha256:42b0684e0e40cf26122427802486f6d93aea593612603a94fbf260c7eb1e9c1b \
    --hash=sha256:4ae387c9cb68ea569ca17e490d66d8142b81c3cc814bf179974b7d146e490bbb \
    --hash=sha256:53ecee2e23f7169b6117e99fc8a944e5e50f79e69758a83b52a00cb98ab2b2d2 \
    --hash=sha256:66ec79c3904820572d7e987abdf304281f141d37ad9a489b8e97066e7b9b6459 \
    --hash=sha256:67e1d20ad9ef3a563c59ef22e7a8a0b8210bd26604369ea4a30a7c66aefe504e \
    --hash=sha256:6f2debedf9ca60cf1d5bd466475638af5130f89965605cd818484d19987d3a21 \
    --hash=sha256:6fc361c34fb6aac015ce19435876635e5c6d21db31998b0920f675f131e043b8 \
    --hash=sha256:73a205dce83953d131a4aa1e0fd917a2fd1c5b1eef251e9d7152efefcbf5caf7 \
    --hash=sha256:7abcee80084cda3f7691f3eb1ce480d8df49cec637b429aa35986c1de71738aa \
    --hash=sha256:8c25ceb16df5b9435f3f6a9829204985b0e0cbee3b48aacd432c7d2c850b44d9 \
    --hash=sha256:966fe0e9c67490071f14c0d2b1cb2dfb3023c5ce39457343931415f08382f2db \
    --hash=sha256:9e82dcc8e56052715fb18b2429e3bca4823b1629136a2084fc45a9a5cecb9b64 \
    --hash=sha256:b20133d204d2bb56ba047642199603876c872026ca53e79c35b83772ab2cc505 \
    --hash=sha256:b39efa323140595abd3ecca8529d321ae50f55f3aa3ba9cc81ea56a6011953d5 \
    --hash=sha256:b47db11c2c3525083296069b98ac5221907455e989ae0c2e3008bde851921615 \
    --hash=sha256:b87e65d263b3e5d3bb92a57e2a6638e2f31110fa7aa890c7b2dbba42248d0a3f \
    --hash=sha256:b970c6da94d5bb18629db453d14f2a1300f6bf59b61e9b82377931ef95504866 \
    --hash=sha256:be9fcb48a55f023493482827d4f459bd263cc20efde64f204b97c123201850c6 \
    --hash=sha256:c2bc30226390d60ea19d9f82b19db005fe0452154a23c1c410c12ea801e43561 \
    --hash=sha256:c83782480a4a9da4d0feb51950131ba32e12e70813848b3343f6e18c28a66838 \
    --hash=sha256:cbc77da8c523d5abd028635ba850a6966fcee2c82e2bf65a41d1d8afe0f98be9 \
    --hash=sha256:ccac2bfebc306b862133e3bb71f3f6ee8bb525240089b2d952e4144b3a6d5da7 \
    --hash=sha256:d0527ce944105f257f605a827d6ebead966c752038b6e8656abb9c5edee6fc68 \
    --hash=sha256:d8ecde755e2e91bf773fc94e8c9d730cd7f2007004cb492263a794ec3899a1c8 \
    --hash=sha256:e3fb64c420688e5319ae25113a354015abbd8dffbfbc41781a1ea66fc7622ac3 \
    --hash=sha256:e5dfc1e64de5677cec922ffa8da89c546d0415bf6efdf081842e5d44c84e1f0e \
    --hash=sha256:ec5e529fb80935c94fe7b729f9972b50e351a0e6b50aa294fd5cabb109fcc29a \
    --hash=sha256:f37d847238971164fdbc68ade6f6574aecc9c0af714190e2083429ff68f4ce9d \
    --hash=sha256:f78ff2c9ed8dc2d036b0f4d640e22522213d047c1b14e61205a7e55c80a494d4 \
    --hash=sha256:f89660a348f4f78a92366240a61404e337586ef7f5909a2fef59ca88ef505493 \
    --hash=sha256:fc1e275c2f1d97b1a6450b8b0ea3ebfa6e087a611c2b26cb2404d48588abab7b
    # via -r requirements.txt
